<?xml version="1.0" encoding="UTF-8" standalone="yes" ?>
<CodeBlocks_project_file>
	<FileVersion major="1" minor="6" />
	<Project>
		<Option title="carServiceProject" />
		<Option pch_mode="2" />
		<Option compiler="gcc" />
		<Build>
			<Target title="Debug">
				<Option output="bin/Debug/carServiceProject" prefix_auto="1" extension_auto="1" />
				<Option object_output="obj/Debug/" />
				<Option type="1" />
				<Option compiler="gcc" />
				<Compiler>
					<Add option="-g" />
					<Add directory="include" />
				</Compiler>
			</Target>
			<Target title="Release">
				<Option output="bin/Release/carServiceProject" prefix_auto="1" extension_auto="1" />
				<Option object_output="obj/Release/" />
				<Option type="1" />
				<Option compiler="gcc" />
				<Compiler>
					<Add option="-O2" />
					<Add directory="include" />
				</Compiler>
				<Linker>
					<Add option="-s" />
				</Linker>
			</Target>
		</Build>
		<Compiler>
			<Add option="-Wall" />
			<Add option="-fexceptions" />
		</Compiler>
		<Unit filename="AbstractCar.cpp" />
		<Unit filename="AbstractCar.h" />
		<Unit filename="CarBuilder.cpp" />
		<Unit filename="CarBuilder.h" />
		<Unit filename="EconomyCar.cpp" />
		<Unit filename="EconomyCar.h" />
		<Unit filename="Engine.cpp" />
		<Unit filename="Engine.h" />
		<Unit filename="EngineType.h">
			<Option target="&lt;{~None~}&gt;" />
		</Unit>
		<Unit filename="Factory.cpp" />
		<Unit filename="Factory.h" />
		<Unit filename="HorsePower.cpp" />
		<Unit filename="HorsePower.h">
			<Option target="&lt;{~None~}&gt;" />
		</Unit>
		<Unit filename="SuvCar.cpp" />
		<Unit filename="SuvCar.h" />
		<Unit filename="car.cpp" />
		<Unit filename="car.h" />
		<Unit filename="carrepository.cpp" />
		<Unit filename="carrepository.h" />
		<Unit filename="carserviceinterface.cpp" />
		<Unit filename="carserviceinterface.h" />
		<Unit filename="main.cpp" />
		<Extensions>
			<code_completion />
			<envvars />
			<debugger />
		</Extensions>
	</Project>
</CodeBlocks_project_file>
